// !$*UTF8*$!
{
	archiveVersion = 1;
	classes = {
	};
	objectVersion = 48;
	objects = {

/* Begin PBXBuildFile section */
		0BD50EFB201EFFE700C44237 /* CircularreferenceViewController.m in Sources */ = {isa = PBXBuildFile; fileRef = 0BD50EFA201EFFE700C44237 /* CircularreferenceViewController.m */; };
		0BF2C5C4201B0F7D00152576 /* AppDelegate.m in Sources */ = {isa = PBXBuildFile; fileRef = 0BF2C5C3201B0F7D00152576 /* AppDelegate.m */; };
		0BF2C5CA201B0F7D00152576 /* Main.storyboard in Resources */ = {isa = PBXBuildFile; fileRef = 0BF2C5C8201B0F7D00152576 /* Main.storyboard */; };
		0BF2C5CC201B0F7D00152576 /* Assets.xcassets in Resources */ = {isa = PBXBuildFile; fileRef = 0BF2C5CB201B0F7D00152576 /* Assets.xcassets */; };
		0BF2C5CF201B0F7D00152576 /* LaunchScreen.storyboard in Resources */ = {isa = PBXBuildFile; fileRef = 0BF2C5CD201B0F7D00152576 /* LaunchScreen.storyboard */; };
		0BF2C5D2201B0F7E00152576 /* main.m in Sources */ = {isa = PBXBuildFile; fileRef = 0BF2C5D1201B0F7E00152576 /* main.m */; };
		0BF2C5DA201B101C00152576 /* BlockTableViewController.m in Sources */ = {isa = PBXBuildFile; fileRef = 0BF2C5D9201B101C00152576 /* BlockTableViewController.m */; };
		0BF2C5DD201B13C400152576 /* BlockBaseViewController.m in Sources */ = {isa = PBXBuildFile; fileRef = 0BF2C5DC201B13C400152576 /* BlockBaseViewController.m */; };
		0BF2C5E0201B221C00152576 /* BaseViewController.m in Sources */ = {isa = PBXBuildFile; fileRef = 0BF2C5DF201B221C00152576 /* BaseViewController.m */; };
		0BF2C5E3201B257400152576 /* BlockVlaueCaptureViewController.m in Sources */ = {isa = PBXBuildFile; fileRef = 0BF2C5E2201B257400152576 /* BlockVlaueCaptureViewController.m */; };
		0BF2C5E6201B300A00152576 /* ValueCapture.m in Sources */ = {isa = PBXBuildFile; fileRef = 0BF2C5E5201B300A00152576 /* ValueCapture.m */; };
/* End PBXBuildFile section */

/* Begin PBXFileReference section */
		0BD50EF9201EFFE700C44237 /* CircularreferenceViewController.h */ = {isa = PBXFileReference; lastKnownFileType = sourcecode.c.h; path = CircularreferenceViewController.h; sourceTree = "<group>"; };
		0BD50EFA201EFFE700C44237 /* CircularreferenceViewController.m */ = {isa = PBXFileReference; lastKnownFileType = sourcecode.c.objc; path = CircularreferenceViewController.m; sourceTree = "<group>"; };
		0BF2C5BF201B0F7D00152576 /* BlockDemo.app */ = {isa = PBXFileReference; explicitFileType = wrapper.application; includeInIndex = 0; path = BlockDemo.app; sourceTree = BUILT_PRODUCTS_DIR; };
		0BF2C5C2201B0F7D00152576 /* AppDelegate.h */ = {isa = PBXFileReference; lastKnownFileType = sourcecode.c.h; path = AppDelegate.h; sourceTree = "<group>"; };
		0BF2C5C3201B0F7D00152576 /* AppDelegate.m */ = {isa = PBXFileReference; lastKnownFileType = sourcecode.c.objc; path = AppDelegate.m; sourceTree = "<group>"; };
		0BF2C5C9201B0F7D00152576 /* Base */ = {isa = PBXFileReference; lastKnownFileType = file.storyboard; name = Base; path = Base.lproj/Main.storyboard; sourceTree = "<group>"; };
		0BF2C5CB201B0F7D00152576 /* Assets.xcassets */ = {isa = PBXFileReference; lastKnownFileType = folder.assetcatalog; path = Assets.xcassets; sourceTree = "<group>"; };
		0BF2C5CE201B0F7D00152576 /* Base */ = {isa = PBXFileReference; lastKnownFileType = file.storyboard; name = Base; path = Base.lproj/LaunchScreen.storyboard; sourceTree = "<group>"; };
		0BF2C5D0201B0F7E00152576 /* Info.plist */ = {isa = PBXFileReference; lastKnownFileType = text.plist.xml; path = Info.plist; sourceTree = "<group>"; };
		0BF2C5D1201B0F7E00152576 /* main.m */ = {isa = PBXFileReference; lastKnownFileType = sourcecode.c.objc; path = main.m; sourceTree = "<group>"; };
		0BF2C5D8201B101C00152576 /* BlockTableViewController.h */ = {isa = PBXFileReference; lastKnownFileType = sourcecode.c.h; path = BlockTableViewController.h; sourceTree = "<group>"; };
		0BF2C5D9201B101C00152576 /* BlockTableViewController.m */ = {isa = PBXFileReference; lastKnownFileType = sourcecode.c.objc; path = BlockTableViewController.m; sourceTree = "<group>"; };
		0BF2C5DB201B13C400152576 /* BlockBaseViewController.h */ = {isa = PBXFileReference; lastKnownFileType = sourcecode.c.h; path = BlockBaseViewController.h; sourceTree = "<group>"; };
		0BF2C5DC201B13C400152576 /* BlockBaseViewController.m */ = {isa = PBXFileReference; lastKnownFileType = sourcecode.c.objc; path = BlockBaseViewController.m; sourceTree = "<group>"; };
		0BF2C5DE201B221C00152576 /* BaseViewController.h */ = {isa = PBXFileReference; lastKnownFileType = sourcecode.c.h; path = BaseViewController.h; sourceTree = "<group>"; };
		0BF2C5DF201B221C00152576 /* BaseViewController.m */ = {isa = PBXFileReference; lastKnownFileType = sourcecode.c.objc; path = BaseViewController.m; sourceTree = "<group>"; };
		0BF2C5E1201B257400152576 /* BlockVlaueCaptureViewController.h */ = {isa = PBXFileReference; lastKnownFileType = sourcecode.c.h; path = BlockVlaueCaptureViewController.h; sourceTree = "<group>"; };
		0BF2C5E2201B257400152576 /* BlockVlaueCaptureViewController.m */ = {isa = PBXFileReference; lastKnownFileType = sourcecode.c.objc; path = BlockVlaueCaptureViewController.m; sourceTree = "<group>"; };
		0BF2C5E4201B300A00152576 /* ValueCapture.h */ = {isa = PBXFileReference; lastKnownFileType = sourcecode.c.h; path = ValueCapture.h; sourceTree = "<group>"; };
		0BF2C5E5201B300A00152576 /* ValueCapture.m */ = {isa = PBXFileReference; lastKnownFileType = sourcecode.c.objc; path = ValueCapture.m; sourceTree = "<group>"; };
/* End PBXFileReference section */

/* Begin PBXFrameworksBuildPhase section */
		0BF2C5BC201B0F7D00152576 /* Frameworks */ = {
			isa = PBXFrameworksBuildPhase;
			buildActionMask = 2147483647;
			files = (
			);
			runOnlyForDeploymentPostprocessing = 0;
		};
/* End PBXFrameworksBuildPhase section */

/* Begin PBXGroup section */
		0BF2C5B6201B0F7D00152576 = {
			isa = PBXGroup;
			children = (
				0BF2C5C1201B0F7D00152576 /* BlockDemo */,
				0BF2C5C0201B0F7D00152576 /* Products */,
			);
			sourceTree = "<group>";
		};
		0BF2C5C0201B0F7D00152576 /* Products */ = {
			isa = PBXGroup;
			children = (
				0BF2C5BF201B0F7D00152576 /* BlockDemo.app */,
			);
			name = Products;
			sourceTree = "<group>";
		};
		0BF2C5C1201B0F7D00152576 /* BlockDemo */ = {
			isa = PBXGroup;
			children = (
				0BF2C5C2201B0F7D00152576 /* AppDelegate.h */,
				0BF2C5C3201B0F7D00152576 /* AppDelegate.m */,
				0BF2C5DE201B221C00152576 /* BaseViewController.h */,
				0BF2C5DF201B221C00152576 /* BaseViewController.m */,
				0BF2C5D8201B101C00152576 /* BlockTableViewController.h */,
				0BF2C5D9201B101C00152576 /* BlockTableViewController.m */,
				0BF2C5DB201B13C400152576 /* BlockBaseViewController.h */,
				0BF2C5DC201B13C400152576 /* BlockBaseViewController.m */,
				0BF2C5E1201B257400152576 /* BlockVlaueCaptureViewController.h */,
				0BF2C5E2201B257400152576 /* BlockVlaueCaptureViewController.m */,
				0BF2C5E4201B300A00152576 /* ValueCapture.h */,
				0BF2C5E5201B300A00152576 /* ValueCapture.m */,
				0BD50EF9201EFFE700C44237 /* CircularreferenceViewController.h */,
				0BD50EFA201EFFE700C44237 /* CircularreferenceViewController.m */,
				0BF2C5C8201B0F7D00152576 /* Main.storyboard */,
				0BF2C5CB201B0F7D00152576 /* Assets.xcassets */,
				0BF2C5CD201B0F7D00152576 /* LaunchScreen.storyboard */,
				0BF2C5D0201B0F7E00152576 /* Info.plist */,
				0BF2C5D1201B0F7E00152576 /* main.m */,
			);
			path = BlockDemo;
			sourceTree = "<group>";
		};
/* End PBXGroup section */

/* Begin PBXNativeTarget section */
		0BF2C5BE201B0F7D00152576 /* BlockDemo */ = {
			isa = PBXNativeTarget;
			buildConfigurationList = 0BF2C5D5201B0F7E00152576 /* Build configuration list for PBXNativeTarget "BlockDemo" */;
			buildPhases = (
				0BF2C5BB201B0F7D00152576 /* Sources */,
				0BF2C5BC201B0F7D00152576 /* Frameworks */,
				0BF2C5BD201B0F7D00152576 /* Resources */,
			);
			buildRules = (
			);
			dependencies = (
			);
			name = BlockDemo;
			productName = BlockDemo;
			productReference = 0BF2C5BF201B0F7D00152576 /* BlockDemo.app */;
			productType = "com.apple.product-type.application";
		};
/* End PBXNativeTarget section */

/* Begin PBXProject section */
		0BF2C5B7201B0F7D00152576 /* Project object */ = {
			isa = PBXProject;
			attributes = {
				LastUpgradeCheck = 0910;
				ORGANIZATIONNAME = zzh;
				TargetAttributes = {
					0BF2C5BE201B0F7D00152576 = {
						CreatedOnToolsVersion = 9.1;
						ProvisioningStyle = Automatic;
					};
				};
			};
			buildConfigurationList = 0BF2C5BA201B0F7D00152576 /* Build configuration list for PBXProject "BlockDemo" */;
			compatibilityVersion = "Xcode 8.0";
			developmentRegion = en;
			hasScannedForEncodings = 0;
			knownRegions = (
				en,
				Base,
			);
			mainGroup = 0BF2C5B6201B0F7D00152576;
			productRefGroup = 0BF2C5C0201B0F7D00152576 /* Products */;
			projectDirPath = "";
			projectRoot = "";
			targets = (
				0BF2C5BE201B0F7D00152576 /* BlockDemo */,
			);
		};
/* End PBXProject section */

/* Begin PBXResourcesBuildPhase section */
		0BF2C5BD201B0F7D00152576 /* Resources */ = {
			isa = PBXResourcesBuildPhase;
			buildActionMask = 2147483647;
			files = (
				0BF2C5CF201B0F7D00152576 /* LaunchScreen.storyboard in Resources */,
				0BF2C5CC201B0F7D00152576 /* Assets.xcassets in Resources */,
				0BF2C5CA201B0F7D00152576 /* Main.storyboard in Resources */,
			);
			runOnlyForDeploymentPostprocessing = 0;
		};
/* End PBXResourcesBuildPhase section */

/* Begin PBXSourcesBuildPhase section */
		0BF2C5BB201B0F7D00152576 /* Sources */ = {
			isa = PBXSourcesBuildPhase;
			buildActionMask = 2147483647;
			files = (
				0BF2C5D2201B0F7E00152576 /* main.m in Sources */,
				0BF2C5E6201B300A00152576 /* ValueCapture.m in Sources */,
				0BF2C5E3201B257400152576 /* BlockVlaueCaptureViewController.m in Sources */,
				0BF2C5E0201B221C00152576 /* BaseViewController.m in Sources */,
				0BF2C5DD201B13C400152576 /* BlockBaseViewController.m in Sources */,
				0BD50EFB201EFFE700C44237 /* CircularreferenceViewController.m in Sources */,
				0BF2C5C4201B0F7D00152576 /* AppDelegate.m in Sources */,
				0BF2C5DA201B101C00152576 /* BlockTableViewController.m in Sources */,
			);
			runOnlyForDeploymentPostprocessing = 0;
		};
/* End PBXSourcesBuildPhase section */

/* Begin PBXVariantGroup section */
		0BF2C5C8201B0F7D00152576 /* Main.storyboard */ = {
			isa = PBXVariantGroup;
			children = (
				0BF2C5C9201B0F7D00152576 /* Base */,
			);
			name = Main.storyboard;
			sourceTree = "<group>";
		};
		0BF2C5CD201B0F7D00152576 /* LaunchScreen.storyboard */ = {
			isa = PBXVariantGroup;
			children = (
				0BF2C5CE201B0F7D00152576 /* Base */,
			);
			name = LaunchScreen.storyboard;
			sourceTree = "<group>";
		};
/* End PBXVariantGroup section */

/* Begin XCBuildConfiguration section */
		0BF2C5D3201B0F7E00152576 /* Debug */ = {
			isa = XCBuildConfiguration;
			buildSettings = {
				ALWAYS_SEARCH_USER_PATHS = NO;
				CLANG_ANALYZER_NONNULL = YES;
				CLANG_ANALYZER_NUMBER_OBJECT_CONVERSION = YES_AGGRESSIVE;
				CLANG_CXX_LANGUAGE_STANDARD = "gnu++14";
				CLANG_CXX_LIBRARY = "libc++";
				CLANG_ENABLE_MODULES = YES;
				CLANG_ENABLE_OBJC_ARC = YES;
				CLANG_WARN_BLOCK_CAPTURE_AUTORELEASING = YES;
				CLANG_WARN_BOOL_CONVERSION = YES;
				CLANG_WARN_COMMA = YES;
				CLANG_WARN_CONSTANT_CONVERSION = YES;
				CLANG_WARN_DIRECT_OBJC_ISA_USAGE = YES_ERROR;
				CLANG_WARN_DOCUMENTATION_COMMENTS = YES;
				CLANG_WARN_EMPTY_BODY = YES;
				CLANG_WARN_ENUM_CONVERSION = YES;
				CLANG_WARN_INFINITE_RECURSION = YES;
				CLANG_WARN_INT_CONVERSION = YES;
				CLANG_WARN_NON_LITERAL_NULL_CONVERSION = YES;
				CLANG_WARN_OBJC_LITERAL_CONVERSION = YES;
				CLANG_WARN_OBJC_ROOT_CLASS = YES_ERROR;
				CLANG_WARN_RANGE_LOOP_ANALYSIS = YES;
				CLANG_WARN_STRICT_PROTOTYPES = YES;
				CLANG_WARN_SUSPICIOUS_MOVE = YES;
				CLANG_WARN_UNGUARDED_AVAILABILITY = YES_AGGRESSIVE;
				CLANG_WARN_UNREACHABLE_CODE = YES;
				CLANG_WARN__DUPLICATE_METHOD_MATCH = YES;
				CODE_SIGN_IDENTITY = "iPhone Developer";
				COPY_PHASE_STRIP = NO;
				DEBUG_INFORMATION_FORMAT = dwarf;
				ENABLE_STRICT_OBJC_MSGSEND = YES;
				ENABLE_TESTABILITY = YES;
				GCC_C_LANGUAGE_STANDARD = gnu11;
				GCC_DYNAMIC_NO_PIC = NO;
				GCC_NO_COMMON_BLOCKS = YES;
				GCC_OPTIMIZATION_LEVEL = 0;
				GCC_PREPROCESSOR_DEFINITIONS = (
					"DEBUG=1",
					"$(inherited)",
				);
				GCC_WARN_64_TO_32_BIT_CONVERSION = YES;
				GCC_WARN_ABOUT_RETURN_TYPE = YES_ERROR;
				GCC_WARN_UNDECLARED_SELECTOR = YES;
				GCC_WARN_UNINITIALIZED_AUTOS = YES_AGGRESSIVE;
				GCC_WARN_UNUSED_FUNCTION = YES;
				GCC_WARN_UNUSED_VARIABLE = YES;
				IPHONEOS_DEPLOYMENT_TARGET = 11.1;
				MTL_ENABLE_DEBUG_INFO = YES;
				ONLY_ACTIVE_ARCH = YES;
				SDKROOT = iphoneos;
			};
			name = Debug;
		};
		0BF2C5D4201B0F7E00152576 /* Release */ = {
			isa = XCBuildConfiguration;
			buildSettings = {
				ALWAYS_SEARCH_USER_PATHS = NO;
				CLANG_ANALYZER_NONNULL = YES;
				CLANG_ANALYZER_NUMBER_OBJECT_CONVERSION = YES_AGGRESSIVE;
				CLANG_CXX_LANGUAGE_STANDARD = "gnu++14";
				CLANG_CXX_LIBRARY = "libc++";
				CLANG_ENABLE_MODULES = YES;
				CLANG_ENABLE_OBJC_ARC = YES;
				CLANG_WARN_BLOCK_CAPTURE_AUTORELEASING = YES;
				CLANG_WARN_BOOL_CONVERSION = YES;
				CLANG_WARN_COMMA = YES;
				CLANG_WARN_CONSTANT_CONVERSION = YES;
				CLANG_WARN_DIRECT_OBJC_ISA_USAGE = YES_ERROR;
				CLANG_WARN_DOCUMENTATION_COMMENTS = YES;
				CLANG_WARN_EMPTY_BODY = YES;
				CLANG_WARN_ENUM_CONVERSION = YES;
				CLANG_WARN_INFINITE_RECURSION = YES;
				CLANG_WARN_INT_CONVERSION = YES;
				CLANG_WARN_NON_LITERAL_NULL_CONVERSION = YES;
				CLANG_WARN_OBJC_LITERAL_CONVERSION = YES;
				CLANG_WARN_OBJC_ROOT_CLASS = YES_ERROR;
				CLANG_WARN_RANGE_LOOP_ANALYSIS = YES;
				CLANG_WARN_STRICT_PROTOTYPES = YES;
				CLANG_WARN_SUSPICIOUS_MOVE = YES;
				CLANG_WARN_UNGUARDED_AVAILABILITY = YES_AGGRESSIVE;
				CLANG_WARN_UNREACHABLE_CODE = YES;
				CLANG_WARN__DUPLICATE_METHOD_MATCH = YES;
				CODE_SIGN_IDENTITY = "iPhone Developer";
				COPY_PHASE_STRIP = NO;
				DEBUG_INFORMATION_FORMAT = "dwarf-with-dsym";
				ENABLE_NS_ASSERTIONS = NO;
				ENABLE_STRICT_OBJC_MSGSEND = YES;
				GCC_C_LANGUAGE_STANDARD = gnu11;
				GCC_NO_COMMON_BLOCKS = YES;
				GCC_WARN_64_TO_32_BIT_CONVERSION = YES;
				GCC_WARN_ABOUT_RETURN_TYPE = YES_ERROR;
				GCC_WARN_UNDECLARED_SELECTOR = YES;
				GCC_WARN_UNINITIALIZED_AUTOS = YES_AGGRESSIVE;
				GCC_WARN_UNUSED_FUNCTION = YES;
				GCC_WARN_UNUSED_VARIABLE = YES;
				IPHONEOS_DEPLOYMENT_TARGET = 11.1;
				MTL_ENABLE_DEBUG_INFO = NO;
				SDKROOT = iphoneos;
				VALIDATE_PRODUCT = YES;
			};
			name = Release;
		};
		0BF2C5D6201B0F7E00152576 /* Debug */ = {
			isa = XCBuildConfiguration;
			buildSettings = {
				ASSETCATALOG_COMPILER_APPICON_NAME = AppIcon;
				CODE_SIGN_STYLE = Automatic;
				DEVELOPMENT_TEAM = G52CMN8P9A;
				INFOPLIST_FILE = BlockDemo/Info.plist;
				IPHONEOS_DEPLOYMENT_TARGET = 9.0;
				LD_RUNPATH_SEARCH_PATHS = "$(inherited) @executable_path/Frameworks";
				PRODUCT_BUNDLE_IDENTIFIER = com.nebula.BlockDemo;
				PRODUCT_NAME = "$(TARGET_NAME)";
				TARGETED_DEVICE_FAMILY = "1,2";
			};
			name = Debug;
		};
		0BF2C5D7201B0F7E00152576 /* Release */ = {
			isa = XCBuildConfiguration;
			buildSettings = {
				ASSETCATALOG_COMPILER_APPICON_NAME = AppIcon;
				CODE_SIGN_STYLE = Automatic;
				DEVELOPMENT_TEAM = G52CMN8P9A;
				INFOPLIST_FILE = BlockDemo/Info.plist;
				IPHONEOS_DEPLOYMENT_TARGET = 9.0;
				LD_RUNPATH_SEARCH_PATHS = "$(inherited) @executable_path/Frameworks";
				PRODUCT_BUNDLE_IDENTIFIER = com.nebula.BlockDemo;
				PRODUCT_NAME = "$(TARGET_NAME)";
				TARGETED_DEVICE_FAMILY = "1,2";
			};
			name = Release;
		};
/* End XCBuildConfiguration section */

/* Begin XCConfigurationList section */
		0BF2C5BA201B0F7D00152576 /* Build configuration list for PBXProject "BlockDemo" */ = {
			isa = XCConfigurationList;
			buildConfigurations = (
				0BF2C5D3201B0F7E00152576 /* Debug */,
				0BF2C5D4201B0F7E00152576 /* Release */,
			);
			defaultConfigurationIsVisible = 0;
			defaultConfigurationName = Release;
		};
		0BF2C5D5201B0F7E00152576 /* Build configuration list for PBXNativeTarget "BlockDemo" */ = {
			isa = XCConfigurationList;
			buildConfigurations = (
				0BF2C5D6201B0F7E00152576 /* Debug */,
				0BF2C5D7201B0F7E00152576 /* Release */,
			);
			defaultConfigurationIsVisible = 0;
			defaultConfigurationName = Release;
		};
/* End XCConfigurationList section */
	};
	rootObject = 0BF2C5B7201B0F7D00152576 /* Project object */;
}
